// !$*UTF8*$!
{
	archiveVersion = 1;
	classes = {
	};
	objectVersion = 50;
	objects = {

/* Begin PBXBuildFile section */
		B85EB6F924917E8800374584 /* AppDelegate.swift in Sources */ = {isa = PBXBuildFile; fileRef = B85EB6F824917E8800374584 /* AppDelegate.swift */; };
		B85EB6FB24917E8800374584 /* SceneDelegate.swift in Sources */ = {isa = PBXBuildFile; fileRef = B85EB6FA24917E8800374584 /* SceneDelegate.swift */; };
		B85EB6FD24917E8800374584 /* AuthenticationViewController.swift in Sources */ = {isa = PBXBuildFile; fileRef = B85EB6FC24917E8800374584 /* AuthenticationViewController.swift */; };
		B85EB70024917E8800374584 /* Main.storyboard in Resources */ = {isa = PBXBuildFile; fileRef = B85EB6FE24917E8800374584 /* Main.storyboard */; };
		B85EB70224917E8D00374584 /* Assets.xcassets in Resources */ = {isa = PBXBuildFile; fileRef = B85EB70124917E8D00374584 /* Assets.xcassets */; };
		B85EB70524917E8D00374584 /* LaunchScreen.storyboard in Resources */ = {isa = PBXBuildFile; fileRef = B85EB70324917E8D00374584 /* LaunchScreen.storyboard */; };
/* End PBXBuildFile section */

/* Begin PBXFileReference section */
		B85EB6F524917E8800374584 /* Scalable Authentication Module.app */ = {isa = PBXFileReference; explicitFileType = wrapper.application; includeInIndex = 0; path = "Scalable Authentication Module.app"; sourceTree = BUILT_PRODUCTS_DIR; };
		B85EB6F824917E8800374584 /* AppDelegate.swift */ = {isa = PBXFileReference; lastKnownFileType = sourcecode.swift; path = AppDelegate.swift; sourceTree = "<group>"; };
		B85EB6FA24917E8800374584 /* SceneDelegate.swift */ = {isa = PBXFileReference; lastKnownFileType = sourcecode.swift; path = SceneDelegate.swift; sourceTree = "<group>"; };
		B85EB6FC24917E8800374584 /* AuthenticationViewController.swift */ = {isa = PBXFileReference; lastKnownFileType = sourcecode.swift; path = AuthenticationViewController.swift; sourceTree = "<group>"; };
		B85EB6FF24917E8800374584 /* Base */ = {isa = PBXFileReference; lastKnownFileType = file.storyboard; name = Base; path = Base.lproj/Main.storyboard; sourceTree = "<group>"; };
		B85EB70124917E8D00374584 /* Assets.xcassets */ = {isa = PBXFileReference; lastKnownFileType = folder.assetcatalog; path = Assets.xcassets; sourceTree = "<group>"; };
		B85EB70424917E8D00374584 /* Base */ = {isa = PBXFileReference; lastKnownFileType = file.storyboard; name = Base; path = Base.lproj/LaunchScreen.storyboard; sourceTree = "<group>"; };
		B85EB70624917E8D00374584 /* Info.plist */ = {isa = PBXFileReference; lastKnownFileType = text.plist.xml; path = Info.plist; sourceTree = "<group>"; };
/* End PBXFileReference section */

/* Begin PBXFrameworksBuildPhase section */
		B85EB6F224917E8800374584 /* Frameworks */ = {
			isa = PBXFrameworksBuildPhase;
			buildActionMask = 2147483647;
			files = (
			);
			runOnlyForDeploymentPostprocessing = 0;
		};
/* End PBXFrameworksBuildPhase section */

/* Begin PBXGroup section */
		B85EB6EC24917E8800374584 = {
			isa = PBXGroup;
			children = (
				B85EB6F724917E8800374584 /* Scalable Authentication Module */,
				B85EB6F624917E8800374584 /* Products */,
			);
			sourceTree = "<group>";
		};
		B85EB6F624917E8800374584 /* Products */ = {
			isa = PBXGroup;
			children = (
				B85EB6F524917E8800374584 /* Scalable Authentication Module.app */,
			);
			name = Products;
			sourceTree = "<group>";
		};
		B85EB6F724917E8800374584 /* Scalable Authentication Module */ = {
			isa = PBXGroup;
			children = (
				B85EB70D2491807000374584 /* Scenes */,
				B85EB6F824917E8800374584 /* AppDelegate.swift */,
				B85EB6FA24917E8800374584 /* SceneDelegate.swift */,
				B85EB6FE24917E8800374584 /* Main.storyboard */,
				B85EB70124917E8D00374584 /* Assets.xcassets */,
				B85EB70324917E8D00374584 /* LaunchScreen.storyboard */,
				B85EB70624917E8D00374584 /* Info.plist */,
			);
			path = "Scalable Authentication Module";
			sourceTree = "<group>";
		};
		B85EB70C2491806B00374584 /* Authentication */ = {
			isa = PBXGroup;
			children = (
				B85EB6FC24917E8800374584 /* AuthenticationViewController.swift */,
			);
			path = Authentication;
			sourceTree = "<group>";
		};
		B85EB70D2491807000374584 /* Scenes */ = {
			isa = PBXGroup;
			children = (
				B85EB70C2491806B00374584 /* Authentication */,
			);
			path = Scenes;
			sourceTree = "<group>";
		};
/* End PBXGroup section */

/* Begin PBXNativeTarget section */
		B85EB6F424917E8800374584 /* Scalable Authentication Module */ = {
			isa = PBXNativeTarget;
			buildConfigurationList = B85EB70924917E8D00374584 /* Build configuration list for PBXNativeTarget "Scalable Authentication Module" */;
			buildPhases = (
				B85EB6F124917E8800374584 /* Sources */,
				B85EB6F224917E8800374584 /* Frameworks */,
				B85EB6F324917E8800374584 /* Resources */,
			);
			buildRules = (
			);
			dependencies = (
			);
			name = "Scalable Authentication Module";
			productName = "Scalable Authentication Module";
			productReference = B85EB6F524917E8800374584 /* Scalable Authentication Module.app */;
			productType = "com.apple.product-type.application";
		};
/* End PBXNativeTarget section */

/* Begin PBXProject section */
		B85EB6ED24917E8800374584 /* Project object */ = {
			isa = PBXProject;
			attributes = {
				LastSwiftUpdateCheck = 1140;
				LastUpgradeCheck = 1140;
				ORGANIZATIONNAME = "Ahmed Ramy";
				TargetAttributes = {
					B85EB6F424917E8800374584 = {
						CreatedOnToolsVersion = 11.4.1;
					};
				};
			};
			buildConfigurationList = B85EB6F024917E8800374584 /* Build configuration list for PBXProject "Scalable Authentication Module" */;
			compatibilityVersion = "Xcode 9.3";
			developmentRegion = en;
			hasScannedForEncodings = 0;
			knownRegions = (
				en,
				Base,
			);
			mainGroup = B85EB6EC24917E8800374584;
			productRefGroup = B85EB6F624917E8800374584 /* Products */;
			projectDirPath = "";
			projectRoot = "";
			targets = (
				B85EB6F424917E8800374584 /* Scalable Authentication Module */,
			);
		};
/* End PBXProject section */

/* Begin PBXResourcesBuildPhase section */
		B85EB6F324917E8800374584 /* Resources */ = {
			isa = PBXResourcesBuildPhase;
			buildActionMask = 2147483647;
			files = (
				B85EB70524917E8D00374584 /* LaunchScreen.storyboard in Resources */,
				B85EB70224917E8D00374584 /* Assets.xcassets in Resources */,
				B85EB70024917E8800374584 /* Main.storyboard in Resources */,
			);
			runOnlyForDeploymentPostprocessing = 0;
		};
/* End PBXResourcesBuildPhase section */

/* Begin PBXSourcesBuildPhase section */
		B85EB6F124917E8800374584 /* Sources */ = {
			isa = PBXSourcesBuildPhase;
			buildActionMask = 2147483647;
			files = (
				B85EB6FD24917E8800374584 /* AuthenticationViewController.swift in Sources */,
				B85EB6F924917E8800374584 /* AppDelegate.swift in Sources */,
				B85EB6FB24917E8800374584 /* SceneDelegate.swift in Sources */,
			);
			runOnlyForDeploymentPostprocessing = 0;
		};
/* End PBXSourcesBuildPhase section */

/* Begin PBXVariantGroup section */
		B85EB6FE24917E8800374584 /* Main.storyboard */ = {
			isa = PBXVariantGroup;
			children = (
				B85EB6FF24917E8800374584 /* Base */,
			);
			name = Main.storyboard;
			sourceTree = "<group>";
		};
		B85EB70324917E8D00374584 /* LaunchScreen.storyboard */ = {
			isa = PBXVariantGroup;
			children = (
				B85EB70424917E8D00374584 /* Base */,
			);
			name = LaunchScreen.storyboard;
			sourceTree = "<group>";
		};
/* End PBXVariantGroup section */

/* Begin XCBuildConfiguration section */
		B85EB70724917E8D00374584 /* Debug */ = {
			isa = XCBuildConfiguration;
			buildSettings = {
				ALWAYS_SEARCH_USER_PATHS = NO;
				CLANG_ANALYZER_NONNULL = YES;
				CLANG_ANALYZER_NUMBER_OBJECT_CONVERSION = YES_AGGRESSIVE;
				CLANG_CXX_LANGUAGE_STANDARD = "gnu++14";
				CLANG_CXX_LIBRARY = "libc++";
				CLANG_ENABLE_MODULES = YES;
				CLANG_ENABLE_OBJC_ARC = YES;
				CLANG_ENABLE_OBJC_WEAK = YES;
				CLANG_WARN_BLOCK_CAPTURE_AUTORELEASING = YES;
				CLANG_WARN_BOOL_CONVERSION = YES;
				CLANG_WARN_COMMA = YES;
				CLANG_WARN_CONSTANT_CONVERSION = YES;
				CLANG_WARN_DEPRECATED_OBJC_IMPLEMENTATIONS = YES;
				CLANG_WARN_DIRECT_OBJC_ISA_USAGE = YES_ERROR;
				CLANG_WARN_DOCUMENTATION_COMMENTS = YES;
				CLANG_WARN_EMPTY_BODY = YES;
				CLANG_WARN_ENUM_CONVERSION = YES;
				CLANG_WARN_INFINITE_RECURSION = YES;
				CLANG_WARN_INT_CONVERSION = YES;
				CLANG_WARN_NON_LITERAL_NULL_CONVERSION = YES;
				CLANG_WARN_OBJC_IMPLICIT_RETAIN_SELF = YES;
				CLANG_WARN_OBJC_LITERAL_CONVERSION = YES;
				CLANG_WARN_OBJC_ROOT_CLASS = YES_ERROR;
				CLANG_WARN_RANGE_LOOP_ANALYSIS = YES;
				CLANG_WARN_STRICT_PROTOTYPES = YES;
				CLANG_WARN_SUSPICIOUS_MOVE = YES;
				CLANG_WARN_UNGUARDED_AVAILABILITY = YES_AGGRESSIVE;
				CLANG_WARN_UNREACHABLE_CODE = YES;
				CLANG_WARN__DUPLICATE_METHOD_MATCH = YES;
				COPY_PHASE_STRIP = NO;
				DEBUG_INFORMATION_FORMAT = dwarf;
				ENABLE_STRICT_OBJC_MSGSEND = YES;
				ENABLE_TESTABILITY = YES;
				GCC_C_LANGUAGE_STANDARD = gnu11;
				GCC_DYNAMIC_NO_PIC = NO;
				GCC_NO_COMMON_BLOCKS = YES;
				GCC_OPTIMIZATION_LEVEL = 0;
				GCC_PREPROCESSOR_DEFINITIONS = (
					"DEBUG=1",
					"$(inherited)",
				);
				GCC_WARN_64_TO_32_BIT_CONVERSION = YES;
				GCC_WARN_ABOUT_RETURN_TYPE = YES_ERROR;
				GCC_WARN_UNDECLARED_SELECTOR = YES;
				GCC_WARN_UNINITIALIZED_AUTOS = YES_AGGRESSIVE;
				GCC_WARN_UNUSED_FUNCTION = YES;
				GCC_WARN_UNUSED_VARIABLE = YES;
				IPHONEOS_DEPLOYMENT_TARGET = 13.4;
				MTL_ENABLE_DEBUG_INFO = INCLUDE_SOURCE;
				MTL_FAST_MATH = YES;
				ONLY_ACTIVE_ARCH = YES;
				SDKROOT = iphoneos;
				SWIFT_ACTIVE_COMPILATION_CONDITIONS = DEBUG;
				SWIFT_OPTIMIZATION_LEVEL = "-Onone";
			};
			name = Debug;
		};
		B85EB70824917E8D00374584 /* Release */ = {
			isa = XCBuildConfiguration;
			buildSettings = {
				ALWAYS_SEARCH_USER_PATHS = NO;
				CLANG_ANALYZER_NONNULL = YES;
				CLANG_ANALYZER_NUMBER_OBJECT_CONVERSION = YES_AGGRESSIVE;
				CLANG_CXX_LANGUAGE_STANDARD = "gnu++14";
				CLANG_CXX_LIBRARY = "libc++";
				CLANG_ENABLE_MODULES = YES;
				CLANG_ENABLE_OBJC_ARC = YES;
				CLANG_ENABLE_OBJC_WEAK = YES;
				CLANG_WARN_BLOCK_CAPTURE_AUTORELEASING = YES;
				CLANG_WARN_BOOL_CONVERSION = YES;
				CLANG_WARN_COMMA = YES;
				CLANG_WARN_CONSTANT_CONVERSION = YES;
				CLANG_WARN_DEPRECATED_OBJC_IMPLEMENTATIONS = YES;
				CLANG_WARN_DIRECT_OBJC_ISA_USAGE = YES_ERROR;
				CLANG_WARN_DOCUMENTATION_COMMENTS = YES;
				CLANG_WARN_EMPTY_BODY = YES;
				CLANG_WARN_ENUM_CONVERSION = YES;
				CLANG_WARN_INFINITE_RECURSION = YES;
				CLANG_WARN_INT_CONVERSION = YES;
				CLANG_WARN_NON_LITERAL_NULL_CONVERSION = YES;
				CLANG_WARN_OBJC_IMPLICIT_RETAIN_SELF = YES;
				CLANG_WARN_OBJC_LITERAL_CONVERSION = YES;
				CLANG_WARN_OBJC_ROOT_CLASS = YES_ERROR;
				CLANG_WARN_RANGE_LOOP_ANALYSIS = YES;
				CLANG_WARN_STRICT_PROTOTYPES = YES;
				CLANG_WARN_SUSPICIOUS_MOVE = YES;
				CLANG_WARN_UNGUARDED_AVAILABILITY = YES_AGGRESSIVE;
				CLANG_WARN_UNREACHABLE_CODE = YES;
				CLANG_WARN__DUPLICATE_METHOD_MATCH = YES;
				COPY_PHASE_STRIP = NO;
				DEBUG_INFORMATION_FORMAT = "dwarf-with-dsym";
				ENABLE_NS_ASSERTIONS = NO;
				ENABLE_STRICT_OBJC_MSGSEND = YES;
				GCC_C_LANGUAGE_STANDARD = gnu11;
				GCC_NO_COMMON_BLOCKS = YES;
				GCC_WARN_64_TO_32_BIT_CONVERSION = YES;
				GCC_WARN_ABOUT_RETURN_TYPE = YES_ERROR;
				GCC_WARN_UNDECLARED_SELECTOR = YES;
				GCC_WARN_UNINITIALIZED_AUTOS = YES_AGGRESSIVE;
				GCC_WARN_UNUSED_FUNCTION = YES;
				GCC_WARN_UNUSED_VARIABLE = YES;
				IPHONEOS_DEPLOYMENT_TARGET = 13.4;
				MTL_ENABLE_DEBUG_INFO = NO;
				MTL_FAST_MATH = YES;
				SDKROOT = iphoneos;
				SWIFT_COMPILATION_MODE = wholemodule;
				SWIFT_OPTIMIZATION_LEVEL = "-O";
				VALIDATE_PRODUCT = YES;
			};
			name = Release;
		};
		B85EB70A24917E8D00374584 /* Debug */ = {
			isa = XCBuildConfiguration;
			buildSettings = {
				ASSETCATALOG_COMPILER_APPICON_NAME = AppIcon;
				CODE_SIGN_STYLE = Automatic;
				INFOPLIST_FILE = "Scalable Authentication Module/Info.plist";
				LD_RUNPATH_SEARCH_PATHS = (
					"$(inherited)",
					"@executable_path/Frameworks",
				);
				PRODUCT_BUNDLE_IDENTIFIER = "com.reviewdevs.scalable-authentication-module.Scalable-Authentication-Module";
				PRODUCT_NAME = "$(TARGET_NAME)";
				SWIFT_VERSION = 5.0;
				TARGETED_DEVICE_FAMILY = "1,2";
			};
			name = Debug;
		};
		B85EB70B24917E8D00374584 /* Release */ = {
			isa = XCBuildConfiguration;
			buildSettings = {
				ASSETCATALOG_COMPILER_APPICON_NAME = AppIcon;
				CODE_SIGN_STYLE = Automatic;
				INFOPLIST_FILE = "Scalable Authentication Module/Info.plist";
				LD_RUNPATH_SEARCH_PATHS = (
					"$(inherited)",
					"@executable_path/Frameworks",
				);
				PRODUCT_BUNDLE_IDENTIFIER = "com.reviewdevs.scalable-authentication-module.Scalable-Authentication-Module";
				PRODUCT_NAME = "$(TARGET_NAME)";
				SWIFT_VERSION = 5.0;
				TARGETED_DEVICE_FAMILY = "1,2";
			};
			name = Release;
		};
/* End XCBuildConfiguration section */

/* Begin XCConfigurationList section */
		B85EB6F024917E8800374584 /* Build configuration list for PBXProject "Scalable Authentication Module" */ = {
			isa = XCConfigurationList;
			buildConfigurations = (
				B85EB70724917E8D00374584 /* Debug */,
				B85EB70824917E8D00374584 /* Release */,
			);
			defaultConfigurationIsVisible = 0;
			defaultConfigurationName = Release;
		};
		B85EB70924917E8D00374584 /* Build configuration list for PBXNativeTarget "Scalable Authentication Module" */ = {
			isa = XCConfigurationList;
			buildConfigurations = (
				B85EB70A24917E8D00374584 /* Debug */,
				B85EB70B24917E8D00374584 /* Release */,
			);
			defaultConfigurationIsVisible = 0;
			defaultConfigurationName = Release;
		};
/* End XCConfigurationList section */
	};
	rootObject = B85EB6ED24917E8800374584 /* Project object */;
}
